// !$*UTF8*$!
{
	archiveVersion = 1;
	classes = {
	};
	objectVersion = 50;
	objects = {

/* Begin PBXBuildFile section */
		1A24A73226987A76009732DB /* AppDelegate.swift in Sources */ = {isa = PBXBuildFile; fileRef = 1A24A73126987A76009732DB /* AppDelegate.swift */; };
		1A24A73426987A76009732DB /* SceneDelegate.swift in Sources */ = {isa = PBXBuildFile; fileRef = 1A24A73326987A76009732DB /* SceneDelegate.swift */; };
		1A24A73626987A76009732DB /* BuyViewController.swift in Sources */ = {isa = PBXBuildFile; fileRef = 1A24A73526987A76009732DB /* BuyViewController.swift */; };
		1A24A73926987A76009732DB /* Main.storyboard in Resources */ = {isa = PBXBuildFile; fileRef = 1A24A73726987A76009732DB /* Main.storyboard */; };
		1A24A73B26987A7A009732DB /* Assets.xcassets in Resources */ = {isa = PBXBuildFile; fileRef = 1A24A73A26987A7A009732DB /* Assets.xcassets */; };
		1A24A73E26987A7A009732DB /* LaunchScreen.storyboard in Resources */ = {isa = PBXBuildFile; fileRef = 1A24A73C26987A7A009732DB /* LaunchScreen.storyboard */; };
		1A24A76626988615009732DB /* ForMeViewController.swift in Sources */ = {isa = PBXBuildFile; fileRef = 1A24A76526988615009732DB /* ForMeViewController.swift */; };
		1A24A76826988629009732DB /* SearchViewController.swift in Sources */ = {isa = PBXBuildFile; fileRef = 1A24A76726988629009732DB /* SearchViewController.swift */; };
		1A24A76A26988647009732DB /* CartViewController.swift in Sources */ = {isa = PBXBuildFile; fileRef = 1A24A76926988647009732DB /* CartViewController.swift */; };
		1A78B7232698DB7600543DA1 /* ChosenStuffViewController.swift in Sources */ = {isa = PBXBuildFile; fileRef = 1A78B7222698DB7500543DA1 /* ChosenStuffViewController.swift */; };
		1A78B765269EB45A00543DA1 /* WebSiteViewController.swift in Sources */ = {isa = PBXBuildFile; fileRef = 1A78B764269EB45A00543DA1 /* WebSiteViewController.swift */; };
		1A78B78B26A0B4EE00543DA1 /* UIImage+Extension.swift in Sources */ = {isa = PBXBuildFile; fileRef = 1A78B78A26A0B4EB00543DA1 /* UIImage+Extension.swift */; };
		1A78B7DA26A4735500543DA1 /* PregnancyViewController.swift in Sources */ = {isa = PBXBuildFile; fileRef = 1A78B7D926A4735500543DA1 /* PregnancyViewController.swift */; };
		1A78B7DD26A473BB00543DA1 /* CycleViewController.swift in Sources */ = {isa = PBXBuildFile; fileRef = 1A78B7DC26A473BB00543DA1 /* CycleViewController.swift */; };
		1A78B7DF26A4742B00543DA1 /* PregnancyHelper.swift in Sources */ = {isa = PBXBuildFile; fileRef = 1A78B7DE26A4742B00543DA1 /* PregnancyHelper.swift */; };
/* End PBXBuildFile section */

/* Begin PBXFileReference section */
		1A24A72E26987A76009732DB /* appleStore.app */ = {isa = PBXFileReference; explicitFileType = wrapper.application; includeInIndex = 0; path = appleStore.app; sourceTree = BUILT_PRODUCTS_DIR; };
		1A24A73126987A76009732DB /* AppDelegate.swift */ = {isa = PBXFileReference; lastKnownFileType = sourcecode.swift; path = AppDelegate.swift; sourceTree = "<group>"; };
		1A24A73326987A76009732DB /* SceneDelegate.swift */ = {isa = PBXFileReference; lastKnownFileType = sourcecode.swift; path = SceneDelegate.swift; sourceTree = "<group>"; };
		1A24A73526987A76009732DB /* BuyViewController.swift */ = {isa = PBXFileReference; lastKnownFileType = sourcecode.swift; path = BuyViewController.swift; sourceTree = "<group>"; };
		1A24A73826987A76009732DB /* Base */ = {isa = PBXFileReference; lastKnownFileType = file.storyboard; name = Base; path = Base.lproj/Main.storyboard; sourceTree = "<group>"; };
		1A24A73A26987A7A009732DB /* Assets.xcassets */ = {isa = PBXFileReference; lastKnownFileType = folder.assetcatalog; path = Assets.xcassets; sourceTree = "<group>"; };
		1A24A73D26987A7A009732DB /* Base */ = {isa = PBXFileReference; lastKnownFileType = file.storyboard; name = Base; path = Base.lproj/LaunchScreen.storyboard; sourceTree = "<group>"; };
		1A24A73F26987A7A009732DB /* Info.plist */ = {isa = PBXFileReference; lastKnownFileType = text.plist.xml; path = Info.plist; sourceTree = "<group>"; };
		1A24A76526988615009732DB /* ForMeViewController.swift */ = {isa = PBXFileReference; lastKnownFileType = sourcecode.swift; path = ForMeViewController.swift; sourceTree = "<group>"; };
		1A24A76726988629009732DB /* SearchViewController.swift */ = {isa = PBXFileReference; lastKnownFileType = sourcecode.swift; path = SearchViewController.swift; sourceTree = "<group>"; };
		1A24A76926988647009732DB /* CartViewController.swift */ = {isa = PBXFileReference; lastKnownFileType = sourcecode.swift; path = CartViewController.swift; sourceTree = "<group>"; };
		1A78B7222698DB7500543DA1 /* ChosenStuffViewController.swift */ = {isa = PBXFileReference; lastKnownFileType = sourcecode.swift; path = ChosenStuffViewController.swift; sourceTree = "<group>"; };
		1A78B764269EB45A00543DA1 /* WebSiteViewController.swift */ = {isa = PBXFileReference; lastKnownFileType = sourcecode.swift; path = WebSiteViewController.swift; sourceTree = "<group>"; };
		1A78B78A26A0B4EB00543DA1 /* UIImage+Extension.swift */ = {isa = PBXFileReference; lastKnownFileType = sourcecode.swift; path = "UIImage+Extension.swift"; sourceTree = "<group>"; };
		1A78B7D926A4735500543DA1 /* PregnancyViewController.swift */ = {isa = PBXFileReference; lastKnownFileType = sourcecode.swift; path = PregnancyViewController.swift; sourceTree = "<group>"; };
		1A78B7DC26A473BB00543DA1 /* CycleViewController.swift */ = {isa = PBXFileReference; lastKnownFileType = sourcecode.swift; path = CycleViewController.swift; sourceTree = "<group>"; };
		1A78B7DE26A4742B00543DA1 /* PregnancyHelper.swift */ = {isa = PBXFileReference; lastKnownFileType = sourcecode.swift; path = PregnancyHelper.swift; sourceTree = "<group>"; };
/* End PBXFileReference section */

/* Begin PBXFrameworksBuildPhase section */
		1A24A72B26987A76009732DB /* Frameworks */ = {
			isa = PBXFrameworksBuildPhase;
			buildActionMask = 2147483647;
			files = (
			);
			runOnlyForDeploymentPostprocessing = 0;
		};
/* End PBXFrameworksBuildPhase section */

/* Begin PBXGroup section */
		1A24A72526987A76009732DB = {
			isa = PBXGroup;
			children = (
				1A24A73026987A76009732DB /* appleStore */,
				1A24A72F26987A76009732DB /* Products */,
			);
			sourceTree = "<group>";
		};
		1A24A72F26987A76009732DB /* Products */ = {
			isa = PBXGroup;
			children = (
				1A24A72E26987A76009732DB /* appleStore.app */,
			);
			name = Products;
			sourceTree = "<group>";
		};
		1A24A73026987A76009732DB /* appleStore */ = {
			isa = PBXGroup;
			children = (
				1A24A73126987A76009732DB /* AppDelegate.swift */,
				1A24A73326987A76009732DB /* SceneDelegate.swift */,
				1A24A73526987A76009732DB /* BuyViewController.swift */,
				1A24A76526988615009732DB /* ForMeViewController.swift */,
				1A78B78A26A0B4EB00543DA1 /* UIImage+Extension.swift */,
				1A24A76726988629009732DB /* SearchViewController.swift */,
				1A24A76926988647009732DB /* CartViewController.swift */,
				1A78B7222698DB7500543DA1 /* ChosenStuffViewController.swift */,
				1A78B764269EB45A00543DA1 /* WebSiteViewController.swift */,
				1A78B7DB26A4735A00543DA1 /* PageVC */,
				1A24A73726987A76009732DB /* Main.storyboard */,
				1A24A73A26987A7A009732DB /* Assets.xcassets */,
				1A24A73C26987A7A009732DB /* LaunchScreen.storyboard */,
				1A24A73F26987A7A009732DB /* Info.plist */,
			);
			path = appleStore;
			sourceTree = "<group>";
		};
		1A78B7DB26A4735A00543DA1 /* PageVC */ = {
			isa = PBXGroup;
			children = (
				1A78B7D926A4735500543DA1 /* PregnancyViewController.swift */,
				1A78B7DC26A473BB00543DA1 /* CycleViewController.swift */,
				1A78B7DE26A4742B00543DA1 /* PregnancyHelper.swift */,
			);
			path = PageVC;
			sourceTree = "<group>";
		};
/* End PBXGroup section */

/* Begin PBXNativeTarget section */
		1A24A72D26987A76009732DB /* appleStore */ = {
			isa = PBXNativeTarget;
			buildConfigurationList = 1A24A74226987A7A009732DB /* Build configuration list for PBXNativeTarget "appleStore" */;
			buildPhases = (
				1A24A72A26987A76009732DB /* Sources */,
				1A24A72B26987A76009732DB /* Frameworks */,
				1A24A72C26987A76009732DB /* Resources */,
			);
			buildRules = (
			);
			dependencies = (
			);
			name = appleStore;
			productName = appleStore;
			productReference = 1A24A72E26987A76009732DB /* appleStore.app */;
			productType = "com.apple.product-type.application";
		};
/* End PBXNativeTarget section */

/* Begin PBXProject section */
		1A24A72626987A76009732DB /* Project object */ = {
			isa = PBXProject;
			attributes = {
				LastSwiftUpdateCheck = 1250;
				LastUpgradeCheck = 1250;
				TargetAttributes = {
					1A24A72D26987A76009732DB = {
						CreatedOnToolsVersion = 12.5.1;
					};
				};
			};
			buildConfigurationList = 1A24A72926987A76009732DB /* Build configuration list for PBXProject "appleStore" */;
			compatibilityVersion = "Xcode 9.3";
			developmentRegion = en;
			hasScannedForEncodings = 0;
			knownRegions = (
				en,
				Base,
			);
			mainGroup = 1A24A72526987A76009732DB;
			productRefGroup = 1A24A72F26987A76009732DB /* Products */;
			projectDirPath = "";
			projectRoot = "";
			targets = (
				1A24A72D26987A76009732DB /* appleStore */,
			);
		};
/* End PBXProject section */

/* Begin PBXResourcesBuildPhase section */
		1A24A72C26987A76009732DB /* Resources */ = {
			isa = PBXResourcesBuildPhase;
			buildActionMask = 2147483647;
			files = (
				1A24A73E26987A7A009732DB /* LaunchScreen.storyboard in Resources */,
				1A24A73B26987A7A009732DB /* Assets.xcassets in Resources */,
				1A24A73926987A76009732DB /* Main.storyboard in Resources */,
			);
			runOnlyForDeploymentPostprocessing = 0;
		};
/* End PBXResourcesBuildPhase section */

/* Begin PBXSourcesBuildPhase section */
		1A24A72A26987A76009732DB /* Sources */ = {
			isa = PBXSourcesBuildPhase;
			buildActionMask = 2147483647;
			files = (
				1A24A73626987A76009732DB /* BuyViewController.swift in Sources */,
				1A78B765269EB45A00543DA1 /* WebSiteViewController.swift in Sources */,
				1A24A76A26988647009732DB /* CartViewController.swift in Sources */,
				1A24A76826988629009732DB /* SearchViewController.swift in Sources */,
				1A78B78B26A0B4EE00543DA1 /* UIImage+Extension.swift in Sources */,
				1A24A76626988615009732DB /* ForMeViewController.swift in Sources */,
				1A78B7232698DB7600543DA1 /* ChosenStuffViewController.swift in Sources */,
				1A24A73226987A76009732DB /* AppDelegate.swift in Sources */,
				1A78B7DA26A4735500543DA1 /* PregnancyViewController.swift in Sources */,
				1A78B7DD26A473BB00543DA1 /* CycleViewController.swift in Sources */,
				1A24A73426987A76009732DB /* SceneDelegate.swift in Sources */,
				1A78B7DF26A4742B00543DA1 /* PregnancyHelper.swift in Sources */,
			);
			runOnlyForDeploymentPostprocessing = 0;
		};
/* End PBXSourcesBuildPhase section */

/* Begin PBXVariantGroup section */
		1A24A73726987A76009732DB /* Main.storyboard */ = {
			isa = PBXVariantGroup;
			children = (
				1A24A73826987A76009732DB /* Base */,
			);
			name = Main.storyboard;
			sourceTree = "<group>";
		};
		1A24A73C26987A7A009732DB /* LaunchScreen.storyboard */ = {
			isa = PBXVariantGroup;
			children = (
				1A24A73D26987A7A009732DB /* Base */,
			);
			name = LaunchScreen.storyboard;
			sourceTree = "<group>";
		};
/* End PBXVariantGroup section */

/* Begin XCBuildConfiguration section */
		1A24A74026987A7A009732DB /* Debug */ = {
			isa = XCBuildConfiguration;
			buildSettings = {
				ALWAYS_SEARCH_USER_PATHS = NO;
				CLANG_ANALYZER_NONNULL = YES;
				CLANG_ANALYZER_NUMBER_OBJECT_CONVERSION = YES_AGGRESSIVE;
				CLANG_CXX_LANGUAGE_STANDARD = "gnu++14";
				CLANG_CXX_LIBRARY = "libc++";
				CLANG_ENABLE_MODULES = YES;
				CLANG_ENABLE_OBJC_ARC = YES;
				CLANG_ENABLE_OBJC_WEAK = YES;
				CLANG_WARN_BLOCK_CAPTURE_AUTORELEASING = YES;
				CLANG_WARN_BOOL_CONVERSION = YES;
				CLANG_WARN_COMMA = YES;
				CLANG_WARN_CONSTANT_CONVERSION = YES;
				CLANG_WARN_DEPRECATED_OBJC_IMPLEMENTATIONS = YES;
				CLANG_WARN_DIRECT_OBJC_ISA_USAGE = YES_ERROR;
				CLANG_WARN_DOCUMENTATION_COMMENTS = YES;
				CLANG_WARN_EMPTY_BODY = YES;
				CLANG_WARN_ENUM_CONVERSION = YES;
				CLANG_WARN_INFINITE_RECURSION = YES;
				CLANG_WARN_INT_CONVERSION = YES;
				CLANG_WARN_NON_LITERAL_NULL_CONVERSION = YES;
				CLANG_WARN_OBJC_IMPLICIT_RETAIN_SELF = YES;
				CLANG_WARN_OBJC_LITERAL_CONVERSION = YES;
				CLANG_WARN_OBJC_ROOT_CLASS = YES_ERROR;
				CLANG_WARN_QUOTED_INCLUDE_IN_FRAMEWORK_HEADER = YES;
				CLANG_WARN_RANGE_LOOP_ANALYSIS = YES;
				CLANG_WARN_STRICT_PROTOTYPES = YES;
				CLANG_WARN_SUSPICIOUS_MOVE = YES;
				CLANG_WARN_UNGUARDED_AVAILABILITY = YES_AGGRESSIVE;
				CLANG_WARN_UNREACHABLE_CODE = YES;
				CLANG_WARN__DUPLICATE_METHOD_MATCH = YES;
				COPY_PHASE_STRIP = NO;
				DEBUG_INFORMATION_FORMAT = dwarf;
				ENABLE_STRICT_OBJC_MSGSEND = YES;
				ENABLE_TESTABILITY = YES;
				GCC_C_LANGUAGE_STANDARD = gnu11;
				GCC_DYNAMIC_NO_PIC = NO;
				GCC_NO_COMMON_BLOCKS = YES;
				GCC_OPTIMIZATION_LEVEL = 0;
				GCC_PREPROCESSOR_DEFINITIONS = (
					"DEBUG=1",
					"$(inherited)",
				);
				GCC_WARN_64_TO_32_BIT_CONVERSION = YES;
				GCC_WARN_ABOUT_RETURN_TYPE = YES_ERROR;
				GCC_WARN_UNDECLARED_SELECTOR = YES;
				GCC_WARN_UNINITIALIZED_AUTOS = YES_AGGRESSIVE;
				GCC_WARN_UNUSED_FUNCTION = YES;
				GCC_WARN_UNUSED_VARIABLE = YES;
				IPHONEOS_DEPLOYMENT_TARGET = 14.5;
				MTL_ENABLE_DEBUG_INFO = INCLUDE_SOURCE;
				MTL_FAST_MATH = YES;
				ONLY_ACTIVE_ARCH = YES;
				SDKROOT = iphoneos;
				SWIFT_ACTIVE_COMPILATION_CONDITIONS = DEBUG;
				SWIFT_OPTIMIZATION_LEVEL = "-Onone";
			};
			name = Debug;
		};
		1A24A74126987A7A009732DB /* Release */ = {
			isa = XCBuildConfiguration;
			buildSettings = {
				ALWAYS_SEARCH_USER_PATHS = NO;
				CLANG_ANALYZER_NONNULL = YES;
				CLANG_ANALYZER_NUMBER_OBJECT_CONVERSION = YES_AGGRESSIVE;
				CLANG_CXX_LANGUAGE_STANDARD = "gnu++14";
				CLANG_CXX_LIBRARY = "libc++";
				CLANG_ENABLE_MODULES = YES;
				CLANG_ENABLE_OBJC_ARC = YES;
				CLANG_ENABLE_OBJC_WEAK = YES;
				CLANG_WARN_BLOCK_CAPTURE_AUTORELEASING = YES;
				CLANG_WARN_BOOL_CONVERSION = YES;
				CLANG_WARN_COMMA = YES;
				CLANG_WARN_CONSTANT_CONVERSION = YES;
				CLANG_WARN_DEPRECATED_OBJC_IMPLEMENTATIONS = YES;
				CLANG_WARN_DIRECT_OBJC_ISA_USAGE = YES_ERROR;
				CLANG_WARN_DOCUMENTATION_COMMENTS = YES;
				CLANG_WARN_EMPTY_BODY = YES;
				CLANG_WARN_ENUM_CONVERSION = YES;
				CLANG_WARN_INFINITE_RECURSION = YES;
				CLANG_WARN_INT_CONVERSION = YES;
				CLANG_WARN_NON_LITERAL_NULL_CONVERSION = YES;
				CLANG_WARN_OBJC_IMPLICIT_RETAIN_SELF = YES;
				CLANG_WARN_OBJC_LITERAL_CONVERSION = YES;
				CLANG_WARN_OBJC_ROOT_CLASS = YES_ERROR;
				CLANG_WARN_QUOTED_INCLUDE_IN_FRAMEWORK_HEADER = YES;
				CLANG_WARN_RANGE_LOOP_ANALYSIS = YES;
				CLANG_WARN_STRICT_PROTOTYPES = YES;
				CLANG_WARN_SUSPICIOUS_MOVE = YES;
				CLANG_WARN_UNGUARDED_AVAILABILITY = YES_AGGRESSIVE;
				CLANG_WARN_UNREACHABLE_CODE = YES;
				CLANG_WARN__DUPLICATE_METHOD_MATCH = YES;
				COPY_PHASE_STRIP = NO;
				DEBUG_INFORMATION_FORMAT = "dwarf-with-dsym";
				ENABLE_NS_ASSERTIONS = NO;
				ENABLE_STRICT_OBJC_MSGSEND = YES;
				GCC_C_LANGUAGE_STANDARD = gnu11;
				GCC_NO_COMMON_BLOCKS = YES;
				GCC_WARN_64_TO_32_BIT_CONVERSION = YES;
				GCC_WARN_ABOUT_RETURN_TYPE = YES_ERROR;
				GCC_WARN_UNDECLARED_SELECTOR = YES;
				GCC_WARN_UNINITIALIZED_AUTOS = YES_AGGRESSIVE;
				GCC_WARN_UNUSED_FUNCTION = YES;
				GCC_WARN_UNUSED_VARIABLE = YES;
				IPHONEOS_DEPLOYMENT_TARGET = 14.5;
				MTL_ENABLE_DEBUG_INFO = NO;
				MTL_FAST_MATH = YES;
				SDKROOT = iphoneos;
				SWIFT_COMPILATION_MODE = wholemodule;
				SWIFT_OPTIMIZATION_LEVEL = "-O";
				VALIDATE_PRODUCT = YES;
			};
			name = Release;
		};
		1A24A74326987A7A009732DB /* Debug */ = {
			isa = XCBuildConfiguration;
			buildSettings = {
				ASSETCATALOG_COMPILER_APPICON_NAME = AppIcon;
				ASSETCATALOG_COMPILER_GLOBAL_ACCENT_COLOR_NAME = AccentColor;
				CODE_SIGN_STYLE = Automatic;
				DEVELOPMENT_TEAM = P585F5SRY2;
				INFOPLIST_FILE = appleStore/Info.plist;
				LD_RUNPATH_SEARCH_PATHS = (
					"$(inherited)",
					"@executable_path/Frameworks",
				);
				PRODUCT_BUNDLE_IDENTIFIER = Swordinmouth.appleStore;
				PRODUCT_NAME = "$(TARGET_NAME)";
				SWIFT_VERSION = 5.0;
				TARGETED_DEVICE_FAMILY = "1,2";
			};
			name = Debug;
		};
		1A24A74426987A7A009732DB /* Release */ = {
			isa = XCBuildConfiguration;
			buildSettings = {
				ASSETCATALOG_COMPILER_APPICON_NAME = AppIcon;
				ASSETCATALOG_COMPILER_GLOBAL_ACCENT_COLOR_NAME = AccentColor;
				CODE_SIGN_STYLE = Automatic;
				DEVELOPMENT_TEAM = P585F5SRY2;
				INFOPLIST_FILE = appleStore/Info.plist;
				LD_RUNPATH_SEARCH_PATHS = (
					"$(inherited)",
					"@executable_path/Frameworks",
				);
				PRODUCT_BUNDLE_IDENTIFIER = Swordinmouth.appleStore;
				PRODUCT_NAME = "$(TARGET_NAME)";
				SWIFT_VERSION = 5.0;
				TARGETED_DEVICE_FAMILY = "1,2";
			};
			name = Release;
		};
/* End XCBuildConfiguration section */

/* Begin XCConfigurationList section */
		1A24A72926987A76009732DB /* Build configuration list for PBXProject "appleStore" */ = {
			isa = XCConfigurationList;
			buildConfigurations = (
				1A24A74026987A7A009732DB /* Debug */,
				1A24A74126987A7A009732DB /* Release */,
			);
			defaultConfigurationIsVisible = 0;
			defaultConfigurationName = Release;
		};
		1A24A74226987A7A009732DB /* Build configuration list for PBXNativeTarget "appleStore" */ = {
			isa = XCConfigurationList;
			buildConfigurations = (
				1A24A74326987A7A009732DB /* Debug */,
				1A24A74426987A7A009732DB /* Release */,
			);
			defaultConfigurationIsVisible = 0;
			defaultConfigurationName = Release;
		};
/* End XCConfigurationList section */
	};
	rootObject = 1A24A72626987A76009732DB /* Project object */;
}
